
Microsoft Visual Studio Solution File, Format Version 11.00
# Visual Studio 2010
Project("{FAE04EC0-301F-11D3-BF4B-00C04F79EFBC}") = "TVFeeder", "TVFeeder\TVFeeder.csproj", "{1F0586AF-537A-4DBC-9141-4B5967AC23C7}"
EndProject
Project("{FAE04EC0-301F-11D3-BF4B-00C04F79EFBC}") = "TVFeederLib", "TVFeederLib\TVFeederLib.csproj", "{AE5B44B0-58B8-4AC8-A5E6-43768EF81CDC}"
EndProject
Project("{FAE04EC0-301F-11D3-BF4B-00C04F79EFBC}") = "TestTVFeederLib", "TestTVFeederLib\TestTVFeederLib.csproj", "{A1667D8F-52F0-462F-A1EF-73BAAC9918E7}"
EndProject
Project("{2150E333-8FDC-42A3-9474-1A3956D46DE8}") = "Solution Items", "Solution Items", "{923F6BCD-562E-4699-91B2-8F5418B5D9E1}"
	ProjectSection(SolutionItems) = preProject
		Local.testsettings = Local.testsettings
		TraceAndTestImpact.testsettings = TraceAndTestImpact.testsettings
		TVFeeder.vsmdi = TVFeeder.vsmdi
	EndProjectSection
EndProject
Global
	GlobalSection(TestCaseManagementSettings) = postSolution
		CategoryFile = TVFeeder.vsmdi
	EndGlobalSection
	GlobalSection(SolutionConfigurationPlatforms) = preSolution
		Debug|Any CPU = Debug|Any CPU
		Debug|Mixed Platforms = Debug|Mixed Platforms
		Debug|x86 = Debug|x86
		Release|Any CPU = Release|Any CPU
		Release|Mixed Platforms = Release|Mixed Platforms
		Release|x86 = Release|x86
	EndGlobalSection
	GlobalSection(ProjectConfigurationPlatforms) = postSolution
		{1F0586AF-537A-4DBC-9141-4B5967AC23C7}.Debug|Any CPU.ActiveCfg = Debug|x86
		{1F0586AF-537A-4DBC-9141-4B5967AC23C7}.Debug|Mixed Platforms.ActiveCfg = Debug|x86
		{1F0586AF-537A-4DBC-9141-4B5967AC23C7}.Debug|Mixed Platforms.Build.0 = Debug|x86
		{1F0586AF-537A-4DBC-9141-4B5967AC23C7}.Debug|x86.ActiveCfg = Debug|x86
		{1F0586AF-537A-4DBC-9141-4B5967AC23C7}.Debug|x86.Build.0 = Debug|x86
		{1F0586AF-537A-4DBC-9141-4B5967AC23C7}.Release|Any CPU.ActiveCfg = Release|x86
		{1F0586AF-537A-4DBC-9141-4B5967AC23C7}.Release|Mixed Platforms.ActiveCfg = Release|x86
		{1F0586AF-537A-4DBC-9141-4B5967AC23C7}.Release|Mixed Platforms.Build.0 = Release|x86
		{1F0586AF-537A-4DBC-9141-4B5967AC23C7}.Release|x86.ActiveCfg = Release|x86
		{1F0586AF-537A-4DBC-9141-4B5967AC23C7}.Release|x86.Build.0 = Release|x86
		{AE5B44B0-58B8-4AC8-A5E6-43768EF81CDC}.Debug|Any CPU.ActiveCfg = Debug|Any CPU
		{AE5B44B0-58B8-4AC8-A5E6-43768EF81CDC}.Debug|Any CPU.Build.0 = Debug|Any CPU
		{AE5B44B0-58B8-4AC8-A5E6-43768EF81CDC}.Debug|Mixed Platforms.ActiveCfg = Debug|Any CPU
		{AE5B44B0-58B8-4AC8-A5E6-43768EF81CDC}.Debug|Mixed Platforms.Build.0 = Debug|Any CPU
		{AE5B44B0-58B8-4AC8-A5E6-43768EF81CDC}.Debug|x86.ActiveCfg = Debug|Any CPU
		{AE5B44B0-58B8-4AC8-A5E6-43768EF81CDC}.Release|Any CPU.ActiveCfg = Release|Any CPU
		{AE5B44B0-58B8-4AC8-A5E6-43768EF81CDC}.Release|Any CPU.Build.0 = Release|Any CPU
		{AE5B44B0-58B8-4AC8-A5E6-43768EF81CDC}.Release|Mixed Platforms.ActiveCfg = Release|Any CPU
		{AE5B44B0-58B8-4AC8-A5E6-43768EF81CDC}.Release|Mixed Platforms.Build.0 = Release|Any CPU
		{AE5B44B0-58B8-4AC8-A5E6-43768EF81CDC}.Release|x86.ActiveCfg = Release|Any CPU
		{A1667D8F-52F0-462F-A1EF-73BAAC9918E7}.Debug|Any CPU.ActiveCfg = Debug|Any CPU
		{A1667D8F-52F0-462F-A1EF-73BAAC9918E7}.Debug|Any CPU.Build.0 = Debug|Any CPU
		{A1667D8F-52F0-462F-A1EF-73BAAC9918E7}.Debug|Mixed Platforms.ActiveCfg = Debug|Any CPU
		{A1667D8F-52F0-462F-A1EF-73BAAC9918E7}.Debug|Mixed Platforms.Build.0 = Debug|Any CPU
		{A1667D8F-52F0-462F-A1EF-73BAAC9918E7}.Debug|x86.ActiveCfg = Debug|Any CPU
		{A1667D8F-52F0-462F-A1EF-73BAAC9918E7}.Release|Any CPU.ActiveCfg = Release|Any CPU
		{A1667D8F-52F0-462F-A1EF-73BAAC9918E7}.Release|Any CPU.Build.0 = Release|Any CPU
		{A1667D8F-52F0-462F-A1EF-73BAAC9918E7}.Release|Mixed Platforms.ActiveCfg = Release|Any CPU
		{A1667D8F-52F0-462F-A1EF-73BAAC9918E7}.Release|Mixed Platforms.Build.0 = Release|Any CPU
		{A1667D8F-52F0-462F-A1EF-73BAAC9918E7}.Release|x86.ActiveCfg = Release|Any CPU
	EndGlobalSection
	GlobalSection(SolutionProperties) = preSolution
		HideSolutionNode = FALSE
	EndGlobalSection
EndGlobal
